// !$*UTF8*$!
{
	archiveVersion = 1;
	classes = {
	};
	objectVersion = 51;
	objects = {

/* Begin PBXBuildFile section */
		8C223214241FA82400A18CC7 /* AppDelegate.swift in Sources */ = {isa = PBXBuildFile; fileRef = 8C223213241FA82400A18CC7 /* AppDelegate.swift */; };
		8C223216241FA82400A18CC7 /* SceneDelegate.swift in Sources */ = {isa = PBXBuildFile; fileRef = 8C223215241FA82400A18CC7 /* SceneDelegate.swift */; };
		8C223218241FA82400A18CC7 /* ViewController.swift in Sources */ = {isa = PBXBuildFile; fileRef = 8C223217241FA82400A18CC7 /* ViewController.swift */; };
		8C22321B241FA82400A18CC7 /* Main.storyboard in Resources */ = {isa = PBXBuildFile; fileRef = 8C223219241FA82400A18CC7 /* Main.storyboard */; };
		8C22321D241FA82500A18CC7 /* Assets.xcassets in Resources */ = {isa = PBXBuildFile; fileRef = 8C22321C241FA82500A18CC7 /* Assets.xcassets */; };
		8C223220241FA82500A18CC7 /* LaunchScreen.storyboard in Resources */ = {isa = PBXBuildFile; fileRef = 8C22321E241FA82500A18CC7 /* LaunchScreen.storyboard */; };
		8C2232282420A4AC00A18CC7 /* ShareViewController.swift in Sources */ = {isa = PBXBuildFile; fileRef = 8C2232272420A4AC00A18CC7 /* ShareViewController.swift */; };
		CD8E0274E1BAE80433140C60 /* Pods_bokete.framework in Frameworks */ = {isa = PBXBuildFile; fileRef = 82A3CCC948FCC9F20E24D94D /* Pods_bokete.framework */; };
/* End PBXBuildFile section */

/* Begin PBXFileReference section */
		219771260CAA9C419445CC81 /* Pods-bokete.release.xcconfig */ = {isa = PBXFileReference; includeInIndex = 1; lastKnownFileType = text.xcconfig; name = "Pods-bokete.release.xcconfig"; path = "Target Support Files/Pods-bokete/Pods-bokete.release.xcconfig"; sourceTree = "<group>"; };
		6DAFE4BEFCB753238F74CE47 /* Pods-bokete.debug.xcconfig */ = {isa = PBXFileReference; includeInIndex = 1; lastKnownFileType = text.xcconfig; name = "Pods-bokete.debug.xcconfig"; path = "Target Support Files/Pods-bokete/Pods-bokete.debug.xcconfig"; sourceTree = "<group>"; };
		82A3CCC948FCC9F20E24D94D /* Pods_bokete.framework */ = {isa = PBXFileReference; explicitFileType = wrapper.framework; includeInIndex = 0; path = Pods_bokete.framework; sourceTree = BUILT_PRODUCTS_DIR; };
		8C223210241FA82400A18CC7 /* bokete.app */ = {isa = PBXFileReference; explicitFileType = wrapper.application; includeInIndex = 0; path = bokete.app; sourceTree = BUILT_PRODUCTS_DIR; };
		8C223213241FA82400A18CC7 /* AppDelegate.swift */ = {isa = PBXFileReference; lastKnownFileType = sourcecode.swift; path = AppDelegate.swift; sourceTree = "<group>"; };
		8C223215241FA82400A18CC7 /* SceneDelegate.swift */ = {isa = PBXFileReference; lastKnownFileType = sourcecode.swift; path = SceneDelegate.swift; sourceTree = "<group>"; };
		8C223217241FA82400A18CC7 /* ViewController.swift */ = {isa = PBXFileReference; lastKnownFileType = sourcecode.swift; path = ViewController.swift; sourceTree = "<group>"; };
		8C22321A241FA82400A18CC7 /* Base */ = {isa = PBXFileReference; lastKnownFileType = file.storyboard; name = Base; path = Base.lproj/Main.storyboard; sourceTree = "<group>"; };
		8C22321C241FA82500A18CC7 /* Assets.xcassets */ = {isa = PBXFileReference; lastKnownFileType = folder.assetcatalog; path = Assets.xcassets; sourceTree = "<group>"; };
		8C22321F241FA82500A18CC7 /* Base */ = {isa = PBXFileReference; lastKnownFileType = file.storyboard; name = Base; path = Base.lproj/LaunchScreen.storyboard; sourceTree = "<group>"; };
		8C223221241FA82500A18CC7 /* Info.plist */ = {isa = PBXFileReference; lastKnownFileType = text.plist.xml; path = Info.plist; sourceTree = "<group>"; };
		8C2232272420A4AC00A18CC7 /* ShareViewController.swift */ = {isa = PBXFileReference; lastKnownFileType = sourcecode.swift; path = ShareViewController.swift; sourceTree = "<group>"; };
/* End PBXFileReference section */

/* Begin PBXFrameworksBuildPhase section */
		8C22320D241FA82400A18CC7 /* Frameworks */ = {
			isa = PBXFrameworksBuildPhase;
			buildActionMask = 2147483647;
			files = (
				CD8E0274E1BAE80433140C60 /* Pods_bokete.framework in Frameworks */,
			);
			runOnlyForDeploymentPostprocessing = 0;
		};
/* End PBXFrameworksBuildPhase section */

/* Begin PBXGroup section */
		2F8FC385722F1BF49DAA7C19 /* Frameworks */ = {
			isa = PBXGroup;
			children = (
				82A3CCC948FCC9F20E24D94D /* Pods_bokete.framework */,
			);
			name = Frameworks;
			sourceTree = "<group>";
		};
		5815AADF8C12C7EFD44D9F04 /* Pods */ = {
			isa = PBXGroup;
			children = (
				6DAFE4BEFCB753238F74CE47 /* Pods-bokete.debug.xcconfig */,
				219771260CAA9C419445CC81 /* Pods-bokete.release.xcconfig */,
			);
			path = Pods;
			sourceTree = "<group>";
		};
		8C223207241FA82300A18CC7 = {
			isa = PBXGroup;
			children = (
				8C223212241FA82400A18CC7 /* bokete */,
				8C223211241FA82400A18CC7 /* Products */,
				5815AADF8C12C7EFD44D9F04 /* Pods */,
				2F8FC385722F1BF49DAA7C19 /* Frameworks */,
			);
			sourceTree = "<group>";
		};
		8C223211241FA82400A18CC7 /* Products */ = {
			isa = PBXGroup;
			children = (
				8C223210241FA82400A18CC7 /* bokete.app */,
			);
			name = Products;
			sourceTree = "<group>";
		};
		8C223212241FA82400A18CC7 /* bokete */ = {
			isa = PBXGroup;
			children = (
				8C223213241FA82400A18CC7 /* AppDelegate.swift */,
				8C223215241FA82400A18CC7 /* SceneDelegate.swift */,
				8C223217241FA82400A18CC7 /* ViewController.swift */,
				8C223219241FA82400A18CC7 /* Main.storyboard */,
				8C22321C241FA82500A18CC7 /* Assets.xcassets */,
				8C22321E241FA82500A18CC7 /* LaunchScreen.storyboard */,
				8C223221241FA82500A18CC7 /* Info.plist */,
				8C2232272420A4AC00A18CC7 /* ShareViewController.swift */,
			);
			path = bokete;
			sourceTree = "<group>";
		};
/* End PBXGroup section */

/* Begin PBXNativeTarget section */
		8C22320F241FA82400A18CC7 /* bokete */ = {
			isa = PBXNativeTarget;
			buildConfigurationList = 8C223224241FA82500A18CC7 /* Build configuration list for PBXNativeTarget "bokete" */;
			buildPhases = (
				30635D86DA6A309300CEB305 /* [CP] Check Pods Manifest.lock */,
				8C22320C241FA82400A18CC7 /* Sources */,
				8C22320D241FA82400A18CC7 /* Frameworks */,
				8C22320E241FA82400A18CC7 /* Resources */,
				7695E58A689C1AF307DF874F /* [CP] Embed Pods Frameworks */,
			);
			buildRules = (
			);
			dependencies = (
			);
			name = bokete;
			productName = bokete;
			productReference = 8C223210241FA82400A18CC7 /* bokete.app */;
			productType = "com.apple.product-type.application";
		};
/* End PBXNativeTarget section */

/* Begin PBXProject section */
		8C223208241FA82300A18CC7 /* Project object */ = {
			isa = PBXProject;
			attributes = {
				LastSwiftUpdateCheck = 1130;
				LastUpgradeCheck = 1130;
				ORGANIZATIONNAME = "尾原徳泰";
				TargetAttributes = {
					8C22320F241FA82400A18CC7 = {
						CreatedOnToolsVersion = 11.3;
					};
				};
			};
			buildConfigurationList = 8C22320B241FA82300A18CC7 /* Build configuration list for PBXProject "bokete" */;
			compatibilityVersion = "Xcode 9.3";
			developmentRegion = en;
			hasScannedForEncodings = 0;
			knownRegions = (
				en,
				Base,
			);
			mainGroup = 8C223207241FA82300A18CC7;
			productRefGroup = 8C223211241FA82400A18CC7 /* Products */;
			projectDirPath = "";
			projectRoot = "";
			targets = (
				8C22320F241FA82400A18CC7 /* bokete */,
			);
		};
/* End PBXProject section */

/* Begin PBXResourcesBuildPhase section */
		8C22320E241FA82400A18CC7 /* Resources */ = {
			isa = PBXResourcesBuildPhase;
			buildActionMask = 2147483647;
			files = (
				8C223220241FA82500A18CC7 /* LaunchScreen.storyboard in Resources */,
				8C22321D241FA82500A18CC7 /* Assets.xcassets in Resources */,
				8C22321B241FA82400A18CC7 /* Main.storyboard in Resources */,
			);
			runOnlyForDeploymentPostprocessing = 0;
		};
/* End PBXResourcesBuildPhase section */

/* Begin PBXShellScriptBuildPhase section */
		30635D86DA6A309300CEB305 /* [CP] Check Pods Manifest.lock */ = {
			isa = PBXShellScriptBuildPhase;
			buildActionMask = 2147483647;
			files = (
			);
			inputFileListPaths = (
			);
			inputPaths = (
				"${PODS_PODFILE_DIR_PATH}/Podfile.lock",
				"${PODS_ROOT}/Manifest.lock",
			);
			name = "[CP] Check Pods Manifest.lock";
			outputFileListPaths = (
			);
			outputPaths = (
				"$(DERIVED_FILE_DIR)/Pods-bokete-checkManifestLockResult.txt",
			);
			runOnlyForDeploymentPostprocessing = 0;
			shellPath = /bin/sh;
			shellScript = "diff \"${PODS_PODFILE_DIR_PATH}/Podfile.lock\" \"${PODS_ROOT}/Manifest.lock\" > /dev/null\nif [ $? != 0 ] ; then\n    # print error to STDERR\n    echo \"error: The sandbox is not in sync with the Podfile.lock. Run 'pod install' or update your CocoaPods installation.\" >&2\n    exit 1\nfi\n# This output is used by Xcode 'outputs' to avoid re-running this script phase.\necho \"SUCCESS\" > \"${SCRIPT_OUTPUT_FILE_0}\"\n";
			showEnvVarsInLog = 0;
		};
		7695E58A689C1AF307DF874F /* [CP] Embed Pods Frameworks */ = {
			isa = PBXShellScriptBuildPhase;
			buildActionMask = 2147483647;
			files = (
			);
			inputFileListPaths = (
				"${PODS_ROOT}/Target Support Files/Pods-bokete/Pods-bokete-frameworks-${CONFIGURATION}-input-files.xcfilelist",
			);
			name = "[CP] Embed Pods Frameworks";
			outputFileListPaths = (
				"${PODS_ROOT}/Target Support Files/Pods-bokete/Pods-bokete-frameworks-${CONFIGURATION}-output-files.xcfilelist",
			);
			runOnlyForDeploymentPostprocessing = 0;
			shellPath = /bin/sh;
			shellScript = "\"${PODS_ROOT}/Target Support Files/Pods-bokete/Pods-bokete-frameworks.sh\"\n";
			showEnvVarsInLog = 0;
		};
/* End PBXShellScriptBuildPhase section */

/* Begin PBXSourcesBuildPhase section */
		8C22320C241FA82400A18CC7 /* Sources */ = {
			isa = PBXSourcesBuildPhase;
			buildActionMask = 2147483647;
			files = (
				8C223218241FA82400A18CC7 /* ViewController.swift in Sources */,
				8C223214241FA82400A18CC7 /* AppDelegate.swift in Sources */,
				8C2232282420A4AC00A18CC7 /* ShareViewController.swift in Sources */,
				8C223216241FA82400A18CC7 /* SceneDelegate.swift in Sources */,
			);
			runOnlyForDeploymentPostprocessing = 0;
		};
/* End PBXSourcesBuildPhase section */

/* Begin PBXVariantGroup section */
		8C223219241FA82400A18CC7 /* Main.storyboard */ = {
			isa = PBXVariantGroup;
			children = (
				8C22321A241FA82400A18CC7 /* Base */,
			);
			name = Main.storyboard;
			sourceTree = "<group>";
		};
		8C22321E241FA82500A18CC7 /* LaunchScreen.storyboard */ = {
			isa = PBXVariantGroup;
			children = (
				8C22321F241FA82500A18CC7 /* Base */,
			);
			name = LaunchScreen.storyboard;
			sourceTree = "<group>";
		};
/* End PBXVariantGroup section */

/* Begin XCBuildConfiguration section */
		8C223222241FA82500A18CC7 /* Debug */ = {
			isa = XCBuildConfiguration;
			buildSettings = {
				ALWAYS_SEARCH_USER_PATHS = NO;
				CLANG_ANALYZER_NONNULL = YES;
				CLANG_ANALYZER_NUMBER_OBJECT_CONVERSION = YES_AGGRESSIVE;
				CLANG_CXX_LANGUAGE_STANDARD = "gnu++14";
				CLANG_CXX_LIBRARY = "libc++";
				CLANG_ENABLE_MODULES = YES;
				CLANG_ENABLE_OBJC_ARC = YES;
				CLANG_ENABLE_OBJC_WEAK = YES;
				CLANG_WARN_BLOCK_CAPTURE_AUTORELEASING = YES;
				CLANG_WARN_BOOL_CONVERSION = YES;
				CLANG_WARN_COMMA = YES;
				CLANG_WARN_CONSTANT_CONVERSION = YES;
				CLANG_WARN_DEPRECATED_OBJC_IMPLEMENTATIONS = YES;
				CLANG_WARN_DIRECT_OBJC_ISA_USAGE = YES_ERROR;
				CLANG_WARN_DOCUMENTATION_COMMENTS = YES;
				CLANG_WARN_EMPTY_BODY = YES;
				CLANG_WARN_ENUM_CONVERSION = YES;
				CLANG_WARN_INFINITE_RECURSION = YES;
				CLANG_WARN_INT_CONVERSION = YES;
				CLANG_WARN_NON_LITERAL_NULL_CONVERSION = YES;
				CLANG_WARN_OBJC_IMPLICIT_RETAIN_SELF = YES;
				CLANG_WARN_OBJC_LITERAL_CONVERSION = YES;
				CLANG_WARN_OBJC_ROOT_CLASS = YES_ERROR;
				CLANG_WARN_RANGE_LOOP_ANALYSIS = YES;
				CLANG_WARN_STRICT_PROTOTYPES = YES;
				CLANG_WARN_SUSPICIOUS_MOVE = YES;
				CLANG_WARN_UNGUARDED_AVAILABILITY = YES_AGGRESSIVE;
				CLANG_WARN_UNREACHABLE_CODE = YES;
				CLANG_WARN__DUPLICATE_METHOD_MATCH = YES;
				COPY_PHASE_STRIP = NO;
				DEBUG_INFORMATION_FORMAT = dwarf;
				ENABLE_STRICT_OBJC_MSGSEND = YES;
				ENABLE_TESTABILITY = YES;
				GCC_C_LANGUAGE_STANDARD = gnu11;
				GCC_DYNAMIC_NO_PIC = NO;
				GCC_NO_COMMON_BLOCKS = YES;
				GCC_OPTIMIZATION_LEVEL = 0;
				GCC_PREPROCESSOR_DEFINITIONS = (
					"DEBUG=1",
					"$(inherited)",
				);
				GCC_WARN_64_TO_32_BIT_CONVERSION = YES;
				GCC_WARN_ABOUT_RETURN_TYPE = YES_ERROR;
				GCC_WARN_UNDECLARED_SELECTOR = YES;
				GCC_WARN_UNINITIALIZED_AUTOS = YES_AGGRESSIVE;
				GCC_WARN_UNUSED_FUNCTION = YES;
				GCC_WARN_UNUSED_VARIABLE = YES;
				IPHONEOS_DEPLOYMENT_TARGET = 13.2;
				MTL_ENABLE_DEBUG_INFO = INCLUDE_SOURCE;
				MTL_FAST_MATH = YES;
				ONLY_ACTIVE_ARCH = YES;
				SDKROOT = iphoneos;
				SWIFT_ACTIVE_COMPILATION_CONDITIONS = DEBUG;
				SWIFT_OPTIMIZATION_LEVEL = "-Onone";
			};
			name = Debug;
		};
		8C223223241FA82500A18CC7 /* Release */ = {
			isa = XCBuildConfiguration;
			buildSettings = {
				ALWAYS_SEARCH_USER_PATHS = NO;
				CLANG_ANALYZER_NONNULL = YES;
				CLANG_ANALYZER_NUMBER_OBJECT_CONVERSION = YES_AGGRESSIVE;
				CLANG_CXX_LANGUAGE_STANDARD = "gnu++14";
				CLANG_CXX_LIBRARY = "libc++";
				CLANG_ENABLE_MODULES = YES;
				CLANG_ENABLE_OBJC_ARC = YES;
				CLANG_ENABLE_OBJC_WEAK = YES;
				CLANG_WARN_BLOCK_CAPTURE_AUTORELEASING = YES;
				CLANG_WARN_BOOL_CONVERSION = YES;
				CLANG_WARN_COMMA = YES;
				CLANG_WARN_CONSTANT_CONVERSION = YES;
				CLANG_WARN_DEPRECATED_OBJC_IMPLEMENTATIONS = YES;
				CLANG_WARN_DIRECT_OBJC_ISA_USAGE = YES_ERROR;
				CLANG_WARN_DOCUMENTATION_COMMENTS = YES;
				CLANG_WARN_EMPTY_BODY = YES;
				CLANG_WARN_ENUM_CONVERSION = YES;
				CLANG_WARN_INFINITE_RECURSION = YES;
				CLANG_WARN_INT_CONVERSION = YES;
				CLANG_WARN_NON_LITERAL_NULL_CONVERSION = YES;
				CLANG_WARN_OBJC_IMPLICIT_RETAIN_SELF = YES;
				CLANG_WARN_OBJC_LITERAL_CONVERSION = YES;
				CLANG_WARN_OBJC_ROOT_CLASS = YES_ERROR;
				CLANG_WARN_RANGE_LOOP_ANALYSIS = YES;
				CLANG_WARN_STRICT_PROTOTYPES = YES;
				CLANG_WARN_SUSPICIOUS_MOVE = YES;
				CLANG_WARN_UNGUARDED_AVAILABILITY = YES_AGGRESSIVE;
				CLANG_WARN_UNREACHABLE_CODE = YES;
				CLANG_WARN__DUPLICATE_METHOD_MATCH = YES;
				COPY_PHASE_STRIP = NO;
				DEBUG_INFORMATION_FORMAT = "dwarf-with-dsym";
				ENABLE_NS_ASSERTIONS = NO;
				ENABLE_STRICT_OBJC_MSGSEND = YES;
				GCC_C_LANGUAGE_STANDARD = gnu11;
				GCC_NO_COMMON_BLOCKS = YES;
				GCC_WARN_64_TO_32_BIT_CONVERSION = YES;
				GCC_WARN_ABOUT_RETURN_TYPE = YES_ERROR;
				GCC_WARN_UNDECLARED_SELECTOR = YES;
				GCC_WARN_UNINITIALIZED_AUTOS = YES_AGGRESSIVE;
				GCC_WARN_UNUSED_FUNCTION = YES;
				GCC_WARN_UNUSED_VARIABLE = YES;
				IPHONEOS_DEPLOYMENT_TARGET = 13.2;
				MTL_ENABLE_DEBUG_INFO = NO;
				MTL_FAST_MATH = YES;
				SDKROOT = iphoneos;
				SWIFT_COMPILATION_MODE = wholemodule;
				SWIFT_OPTIMIZATION_LEVEL = "-O";
				VALIDATE_PRODUCT = YES;
			};
			name = Release;
		};
		8C223225241FA82500A18CC7 /* Debug */ = {
			isa = XCBuildConfiguration;
			baseConfigurationReference = 6DAFE4BEFCB753238F74CE47 /* Pods-bokete.debug.xcconfig */;
			buildSettings = {
				ASSETCATALOG_COMPILER_APPICON_NAME = AppIcon;
				CODE_SIGN_STYLE = Automatic;
				DEVELOPMENT_TEAM = 4VA5NBL27P;
				INFOPLIST_FILE = bokete/Info.plist;
				LD_RUNPATH_SEARCH_PATHS = (
					"$(inherited)",
					"@executable_path/Frameworks",
				);
				PRODUCT_BUNDLE_IDENTIFIER = com.gmail.tukareta.nori.bokete;
				PRODUCT_NAME = "$(TARGET_NAME)";
				SWIFT_VERSION = 5.0;
				TARGETED_DEVICE_FAMILY = 1;
			};
			name = Debug;
		};
		8C223226241FA82500A18CC7 /* Release */ = {
			isa = XCBuildConfiguration;
			baseConfigurationReference = 219771260CAA9C419445CC81 /* Pods-bokete.release.xcconfig */;
			buildSettings = {
				ASSETCATALOG_COMPILER_APPICON_NAME = AppIcon;
				CODE_SIGN_STYLE = Automatic;
				DEVELOPMENT_TEAM = 4VA5NBL27P;
				INFOPLIST_FILE = bokete/Info.plist;
				LD_RUNPATH_SEARCH_PATHS = (
					"$(inherited)",
					"@executable_path/Frameworks",
				);
				PRODUCT_BUNDLE_IDENTIFIER = com.gmail.tukareta.nori.bokete;
				PRODUCT_NAME = "$(TARGET_NAME)";
				SWIFT_VERSION = 5.0;
				TARGETED_DEVICE_FAMILY = 1;
			};
			name = Release;
		};
/* End XCBuildConfiguration section */

/* Begin XCConfigurationList section */
		8C22320B241FA82300A18CC7 /* Build configuration list for PBXProject "bokete" */ = {
			isa = XCConfigurationList;
			buildConfigurations = (
				8C223222241FA82500A18CC7 /* Debug */,
				8C223223241FA82500A18CC7 /* Release */,
			);
			defaultConfigurationIsVisible = 0;
			defaultConfigurationName = Release;
		};
		8C223224241FA82500A18CC7 /* Build configuration list for PBXNativeTarget "bokete" */ = {
			isa = XCConfigurationList;
			buildConfigurations = (
				8C223225241FA82500A18CC7 /* Debug */,
				8C223226241FA82500A18CC7 /* Release */,
			);
			defaultConfigurationIsVisible = 0;
			defaultConfigurationName = Release;
		};
/* End XCConfigurationList section */
	};
	rootObject = 8C223208241FA82300A18CC7 /* Project object */;
}
