// !$*UTF8*$!
{
	archiveVersion = 1;
	classes = {
	};
	objectVersion = 50;
	objects = {

/* Begin PBXBuildFile section */
		8C5687A1241D02D700DDBC1F /* ImagesModel.swift in Sources */ = {isa = PBXBuildFile; fileRef = 8C5687A0241D02D700DDBC1F /* ImagesModel.swift */; };
		8C5687A3241D03D500DDBC1F /* imagesList.swift in Sources */ = {isa = PBXBuildFile; fileRef = 8C5687A2241D03D500DDBC1F /* imagesList.swift */; };
		8C5687A5241E408400DDBC1F /* SoundFile.swift in Sources */ = {isa = PBXBuildFile; fileRef = 8C5687A4241E408400DDBC1F /* SoundFile.swift */; };
		8C5687A7241E46FF00DDBC1F /* Animal.swift in Sources */ = {isa = PBXBuildFile; fileRef = 8C5687A6241E46FF00DDBC1F /* Animal.swift */; };
		8C5687A9241E476200DDBC1F /* Human.swift in Sources */ = {isa = PBXBuildFile; fileRef = 8C5687A8241E476200DDBC1F /* Human.swift */; };
		8C5687AB241E4A0A00DDBC1F /* WithOutMP3.swift in Sources */ = {isa = PBXBuildFile; fileRef = 8C5687AA241E4A0A00DDBC1F /* WithOutMP3.swift */; };
		8C5687AD241E4C6100DDBC1F /* ChangeColor.swift in Sources */ = {isa = PBXBuildFile; fileRef = 8C5687AC241E4C6100DDBC1F /* ChangeColor.swift */; };
		8C604532241CE34300884E31 /* AppDelegate.swift in Sources */ = {isa = PBXBuildFile; fileRef = 8C604531241CE34300884E31 /* AppDelegate.swift */; };
		8C604534241CE34300884E31 /* SceneDelegate.swift in Sources */ = {isa = PBXBuildFile; fileRef = 8C604533241CE34300884E31 /* SceneDelegate.swift */; };
		8C604536241CE34300884E31 /* ViewController.swift in Sources */ = {isa = PBXBuildFile; fileRef = 8C604535241CE34300884E31 /* ViewController.swift */; };
		8C604539241CE34300884E31 /* Main.storyboard in Resources */ = {isa = PBXBuildFile; fileRef = 8C604537241CE34300884E31 /* Main.storyboard */; };
		8C60453B241CE34400884E31 /* Assets.xcassets in Resources */ = {isa = PBXBuildFile; fileRef = 8C60453A241CE34400884E31 /* Assets.xcassets */; };
		8C60453E241CE34400884E31 /* LaunchScreen.storyboard in Resources */ = {isa = PBXBuildFile; fileRef = 8C60453C241CE34400884E31 /* LaunchScreen.storyboard */; };
		8C604548241CE46900884E31 /* sound.mp3 in Resources */ = {isa = PBXBuildFile; fileRef = 8C604545241CE46800884E31 /* sound.mp3 */; };
		8C604549241CE46900884E31 /* batsuSound.mp3 in Resources */ = {isa = PBXBuildFile; fileRef = 8C604546241CE46900884E31 /* batsuSound.mp3 */; };
		8C60454A241CE46900884E31 /* maruSound.mp3 in Resources */ = {isa = PBXBuildFile; fileRef = 8C604547241CE46900884E31 /* maruSound.mp3 */; };
		8C60454F241CE61200884E31 /* NextViewController.swift in Sources */ = {isa = PBXBuildFile; fileRef = 8C60454E241CE61200884E31 /* NextViewController.swift */; };
/* End PBXBuildFile section */

/* Begin PBXFileReference section */
		8C5687A0241D02D700DDBC1F /* ImagesModel.swift */ = {isa = PBXFileReference; lastKnownFileType = sourcecode.swift; path = ImagesModel.swift; sourceTree = "<group>"; };
		8C5687A2241D03D500DDBC1F /* imagesList.swift */ = {isa = PBXFileReference; lastKnownFileType = sourcecode.swift; path = imagesList.swift; sourceTree = "<group>"; };
		8C5687A4241E408400DDBC1F /* SoundFile.swift */ = {isa = PBXFileReference; lastKnownFileType = sourcecode.swift; path = SoundFile.swift; sourceTree = "<group>"; };
		8C5687A6241E46FF00DDBC1F /* Animal.swift */ = {isa = PBXFileReference; lastKnownFileType = sourcecode.swift; path = Animal.swift; sourceTree = "<group>"; };
		8C5687A8241E476200DDBC1F /* Human.swift */ = {isa = PBXFileReference; lastKnownFileType = sourcecode.swift; path = Human.swift; sourceTree = "<group>"; };
		8C5687AA241E4A0A00DDBC1F /* WithOutMP3.swift */ = {isa = PBXFileReference; lastKnownFileType = sourcecode.swift; path = WithOutMP3.swift; sourceTree = "<group>"; };
		8C5687AC241E4C6100DDBC1F /* ChangeColor.swift */ = {isa = PBXFileReference; lastKnownFileType = sourcecode.swift; path = ChangeColor.swift; sourceTree = "<group>"; };
		8C60452E241CE34300884E31 /* QuizApp.app */ = {isa = PBXFileReference; explicitFileType = wrapper.application; includeInIndex = 0; path = QuizApp.app; sourceTree = BUILT_PRODUCTS_DIR; };
		8C604531241CE34300884E31 /* AppDelegate.swift */ = {isa = PBXFileReference; lastKnownFileType = sourcecode.swift; path = AppDelegate.swift; sourceTree = "<group>"; };
		8C604533241CE34300884E31 /* SceneDelegate.swift */ = {isa = PBXFileReference; lastKnownFileType = sourcecode.swift; path = SceneDelegate.swift; sourceTree = "<group>"; };
		8C604535241CE34300884E31 /* ViewController.swift */ = {isa = PBXFileReference; lastKnownFileType = sourcecode.swift; path = ViewController.swift; sourceTree = "<group>"; };
		8C604538241CE34300884E31 /* Base */ = {isa = PBXFileReference; lastKnownFileType = file.storyboard; name = Base; path = Base.lproj/Main.storyboard; sourceTree = "<group>"; };
		8C60453A241CE34400884E31 /* Assets.xcassets */ = {isa = PBXFileReference; lastKnownFileType = folder.assetcatalog; path = Assets.xcassets; sourceTree = "<group>"; };
		8C60453D241CE34400884E31 /* Base */ = {isa = PBXFileReference; lastKnownFileType = file.storyboard; name = Base; path = Base.lproj/LaunchScreen.storyboard; sourceTree = "<group>"; };
		8C60453F241CE34400884E31 /* Info.plist */ = {isa = PBXFileReference; lastKnownFileType = text.plist.xml; path = Info.plist; sourceTree = "<group>"; };
		8C604545241CE46800884E31 /* sound.mp3 */ = {isa = PBXFileReference; lastKnownFileType = audio.mp3; path = sound.mp3; sourceTree = "<group>"; };
		8C604546241CE46900884E31 /* batsuSound.mp3 */ = {isa = PBXFileReference; lastKnownFileType = audio.mp3; path = batsuSound.mp3; sourceTree = "<group>"; };
		8C604547241CE46900884E31 /* maruSound.mp3 */ = {isa = PBXFileReference; lastKnownFileType = audio.mp3; path = maruSound.mp3; sourceTree = "<group>"; };
		8C60454E241CE61200884E31 /* NextViewController.swift */ = {isa = PBXFileReference; lastKnownFileType = sourcecode.swift; path = NextViewController.swift; sourceTree = "<group>"; };
/* End PBXFileReference section */

/* Begin PBXFrameworksBuildPhase section */
		8C60452B241CE34300884E31 /* Frameworks */ = {
			isa = PBXFrameworksBuildPhase;
			buildActionMask = 2147483647;
			files = (
			);
			runOnlyForDeploymentPostprocessing = 0;
		};
/* End PBXFrameworksBuildPhase section */

/* Begin PBXGroup section */
		8C604525241CE34300884E31 = {
			isa = PBXGroup;
			children = (
				8C604530241CE34300884E31 /* QuizApp */,
				8C60452F241CE34300884E31 /* Products */,
			);
			sourceTree = "<group>";
		};
		8C60452F241CE34300884E31 /* Products */ = {
			isa = PBXGroup;
			children = (
				8C60452E241CE34300884E31 /* QuizApp.app */,
			);
			name = Products;
			sourceTree = "<group>";
		};
		8C604530241CE34300884E31 /* QuizApp */ = {
			isa = PBXGroup;
			children = (
				8C60454B241CE4E600884E31 /* Model */,
				8C60454C241CE4F600884E31 /* View */,
				8C60454D241CE50A00884E31 /* Controller */,
				8C60453C241CE34400884E31 /* LaunchScreen.storyboard */,
				8C60453F241CE34400884E31 /* Info.plist */,
				8C604546241CE46900884E31 /* batsuSound.mp3 */,
				8C604547241CE46900884E31 /* maruSound.mp3 */,
				8C604545241CE46800884E31 /* sound.mp3 */,
			);
			path = QuizApp;
			sourceTree = "<group>";
		};
		8C60454B241CE4E600884E31 /* Model */ = {
			isa = PBXGroup;
			children = (
				8C5687A0241D02D700DDBC1F /* ImagesModel.swift */,
				8C5687A2241D03D500DDBC1F /* imagesList.swift */,
				8C5687A4241E408400DDBC1F /* SoundFile.swift */,
				8C5687A6241E46FF00DDBC1F /* Animal.swift */,
				8C5687A8241E476200DDBC1F /* Human.swift */,
				8C5687AA241E4A0A00DDBC1F /* WithOutMP3.swift */,
				8C5687AC241E4C6100DDBC1F /* ChangeColor.swift */,
			);
			path = Model;
			sourceTree = "<group>";
		};
		8C60454C241CE4F600884E31 /* View */ = {
			isa = PBXGroup;
			children = (
				8C604537241CE34300884E31 /* Main.storyboard */,
				8C60453A241CE34400884E31 /* Assets.xcassets */,
			);
			path = View;
			sourceTree = "<group>";
		};
		8C60454D241CE50A00884E31 /* Controller */ = {
			isa = PBXGroup;
			children = (
				8C604531241CE34300884E31 /* AppDelegate.swift */,
				8C604533241CE34300884E31 /* SceneDelegate.swift */,
				8C604535241CE34300884E31 /* ViewController.swift */,
				8C60454E241CE61200884E31 /* NextViewController.swift */,
			);
			path = Controller;
			sourceTree = "<group>";
		};
/* End PBXGroup section */

/* Begin PBXNativeTarget section */
		8C60452D241CE34300884E31 /* QuizApp */ = {
			isa = PBXNativeTarget;
			buildConfigurationList = 8C604542241CE34400884E31 /* Build configuration list for PBXNativeTarget "QuizApp" */;
			buildPhases = (
				8C60452A241CE34300884E31 /* Sources */,
				8C60452B241CE34300884E31 /* Frameworks */,
				8C60452C241CE34300884E31 /* Resources */,
			);
			buildRules = (
			);
			dependencies = (
			);
			name = QuizApp;
			productName = QuizApp;
			productReference = 8C60452E241CE34300884E31 /* QuizApp.app */;
			productType = "com.apple.product-type.application";
		};
/* End PBXNativeTarget section */

/* Begin PBXProject section */
		8C604526241CE34300884E31 /* Project object */ = {
			isa = PBXProject;
			attributes = {
				LastSwiftUpdateCheck = 1130;
				LastUpgradeCheck = 1130;
				ORGANIZATIONNAME = "尾原徳泰";
				TargetAttributes = {
					8C60452D241CE34300884E31 = {
						CreatedOnToolsVersion = 11.3;
					};
				};
			};
			buildConfigurationList = 8C604529241CE34300884E31 /* Build configuration list for PBXProject "QuizApp" */;
			compatibilityVersion = "Xcode 9.3";
			developmentRegion = en;
			hasScannedForEncodings = 0;
			knownRegions = (
				en,
				Base,
			);
			mainGroup = 8C604525241CE34300884E31;
			productRefGroup = 8C60452F241CE34300884E31 /* Products */;
			projectDirPath = "";
			projectRoot = "";
			targets = (
				8C60452D241CE34300884E31 /* QuizApp */,
			);
		};
/* End PBXProject section */

/* Begin PBXResourcesBuildPhase section */
		8C60452C241CE34300884E31 /* Resources */ = {
			isa = PBXResourcesBuildPhase;
			buildActionMask = 2147483647;
			files = (
				8C604548241CE46900884E31 /* sound.mp3 in Resources */,
				8C60453E241CE34400884E31 /* LaunchScreen.storyboard in Resources */,
				8C60453B241CE34400884E31 /* Assets.xcassets in Resources */,
				8C604549241CE46900884E31 /* batsuSound.mp3 in Resources */,
				8C604539241CE34300884E31 /* Main.storyboard in Resources */,
				8C60454A241CE46900884E31 /* maruSound.mp3 in Resources */,
			);
			runOnlyForDeploymentPostprocessing = 0;
		};
/* End PBXResourcesBuildPhase section */

/* Begin PBXSourcesBuildPhase section */
		8C60452A241CE34300884E31 /* Sources */ = {
			isa = PBXSourcesBuildPhase;
			buildActionMask = 2147483647;
			files = (
				8C604536241CE34300884E31 /* ViewController.swift in Sources */,
				8C5687AD241E4C6100DDBC1F /* ChangeColor.swift in Sources */,
				8C5687A7241E46FF00DDBC1F /* Animal.swift in Sources */,
				8C5687A5241E408400DDBC1F /* SoundFile.swift in Sources */,
				8C60454F241CE61200884E31 /* NextViewController.swift in Sources */,
				8C5687A9241E476200DDBC1F /* Human.swift in Sources */,
				8C604532241CE34300884E31 /* AppDelegate.swift in Sources */,
				8C604534241CE34300884E31 /* SceneDelegate.swift in Sources */,
				8C5687AB241E4A0A00DDBC1F /* WithOutMP3.swift in Sources */,
				8C5687A1241D02D700DDBC1F /* ImagesModel.swift in Sources */,
				8C5687A3241D03D500DDBC1F /* imagesList.swift in Sources */,
			);
			runOnlyForDeploymentPostprocessing = 0;
		};
/* End PBXSourcesBuildPhase section */

/* Begin PBXVariantGroup section */
		8C604537241CE34300884E31 /* Main.storyboard */ = {
			isa = PBXVariantGroup;
			children = (
				8C604538241CE34300884E31 /* Base */,
			);
			name = Main.storyboard;
			sourceTree = "<group>";
		};
		8C60453C241CE34400884E31 /* LaunchScreen.storyboard */ = {
			isa = PBXVariantGroup;
			children = (
				8C60453D241CE34400884E31 /* Base */,
			);
			name = LaunchScreen.storyboard;
			sourceTree = "<group>";
		};
/* End PBXVariantGroup section */

/* Begin XCBuildConfiguration section */
		8C604540241CE34400884E31 /* Debug */ = {
			isa = XCBuildConfiguration;
			buildSettings = {
				ALWAYS_SEARCH_USER_PATHS = NO;
				CLANG_ANALYZER_NONNULL = YES;
				CLANG_ANALYZER_NUMBER_OBJECT_CONVERSION = YES_AGGRESSIVE;
				CLANG_CXX_LANGUAGE_STANDARD = "gnu++14";
				CLANG_CXX_LIBRARY = "libc++";
				CLANG_ENABLE_MODULES = YES;
				CLANG_ENABLE_OBJC_ARC = YES;
				CLANG_ENABLE_OBJC_WEAK = YES;
				CLANG_WARN_BLOCK_CAPTURE_AUTORELEASING = YES;
				CLANG_WARN_BOOL_CONVERSION = YES;
				CLANG_WARN_COMMA = YES;
				CLANG_WARN_CONSTANT_CONVERSION = YES;
				CLANG_WARN_DEPRECATED_OBJC_IMPLEMENTATIONS = YES;
				CLANG_WARN_DIRECT_OBJC_ISA_USAGE = YES_ERROR;
				CLANG_WARN_DOCUMENTATION_COMMENTS = YES;
				CLANG_WARN_EMPTY_BODY = YES;
				CLANG_WARN_ENUM_CONVERSION = YES;
				CLANG_WARN_INFINITE_RECURSION = YES;
				CLANG_WARN_INT_CONVERSION = YES;
				CLANG_WARN_NON_LITERAL_NULL_CONVERSION = YES;
				CLANG_WARN_OBJC_IMPLICIT_RETAIN_SELF = YES;
				CLANG_WARN_OBJC_LITERAL_CONVERSION = YES;
				CLANG_WARN_OBJC_ROOT_CLASS = YES_ERROR;
				CLANG_WARN_RANGE_LOOP_ANALYSIS = YES;
				CLANG_WARN_STRICT_PROTOTYPES = YES;
				CLANG_WARN_SUSPICIOUS_MOVE = YES;
				CLANG_WARN_UNGUARDED_AVAILABILITY = YES_AGGRESSIVE;
				CLANG_WARN_UNREACHABLE_CODE = YES;
				CLANG_WARN__DUPLICATE_METHOD_MATCH = YES;
				COPY_PHASE_STRIP = NO;
				DEBUG_INFORMATION_FORMAT = dwarf;
				ENABLE_STRICT_OBJC_MSGSEND = YES;
				ENABLE_TESTABILITY = YES;
				GCC_C_LANGUAGE_STANDARD = gnu11;
				GCC_DYNAMIC_NO_PIC = NO;
				GCC_NO_COMMON_BLOCKS = YES;
				GCC_OPTIMIZATION_LEVEL = 0;
				GCC_PREPROCESSOR_DEFINITIONS = (
					"DEBUG=1",
					"$(inherited)",
				);
				GCC_WARN_64_TO_32_BIT_CONVERSION = YES;
				GCC_WARN_ABOUT_RETURN_TYPE = YES_ERROR;
				GCC_WARN_UNDECLARED_SELECTOR = YES;
				GCC_WARN_UNINITIALIZED_AUTOS = YES_AGGRESSIVE;
				GCC_WARN_UNUSED_FUNCTION = YES;
				GCC_WARN_UNUSED_VARIABLE = YES;
				IPHONEOS_DEPLOYMENT_TARGET = 13.2;
				MTL_ENABLE_DEBUG_INFO = INCLUDE_SOURCE;
				MTL_FAST_MATH = YES;
				ONLY_ACTIVE_ARCH = YES;
				SDKROOT = iphoneos;
				SWIFT_ACTIVE_COMPILATION_CONDITIONS = DEBUG;
				SWIFT_OPTIMIZATION_LEVEL = "-Onone";
			};
			name = Debug;
		};
		8C604541241CE34400884E31 /* Release */ = {
			isa = XCBuildConfiguration;
			buildSettings = {
				ALWAYS_SEARCH_USER_PATHS = NO;
				CLANG_ANALYZER_NONNULL = YES;
				CLANG_ANALYZER_NUMBER_OBJECT_CONVERSION = YES_AGGRESSIVE;
				CLANG_CXX_LANGUAGE_STANDARD = "gnu++14";
				CLANG_CXX_LIBRARY = "libc++";
				CLANG_ENABLE_MODULES = YES;
				CLANG_ENABLE_OBJC_ARC = YES;
				CLANG_ENABLE_OBJC_WEAK = YES;
				CLANG_WARN_BLOCK_CAPTURE_AUTORELEASING = YES;
				CLANG_WARN_BOOL_CONVERSION = YES;
				CLANG_WARN_COMMA = YES;
				CLANG_WARN_CONSTANT_CONVERSION = YES;
				CLANG_WARN_DEPRECATED_OBJC_IMPLEMENTATIONS = YES;
				CLANG_WARN_DIRECT_OBJC_ISA_USAGE = YES_ERROR;
				CLANG_WARN_DOCUMENTATION_COMMENTS = YES;
				CLANG_WARN_EMPTY_BODY = YES;
				CLANG_WARN_ENUM_CONVERSION = YES;
				CLANG_WARN_INFINITE_RECURSION = YES;
				CLANG_WARN_INT_CONVERSION = YES;
				CLANG_WARN_NON_LITERAL_NULL_CONVERSION = YES;
				CLANG_WARN_OBJC_IMPLICIT_RETAIN_SELF = YES;
				CLANG_WARN_OBJC_LITERAL_CONVERSION = YES;
				CLANG_WARN_OBJC_ROOT_CLASS = YES_ERROR;
				CLANG_WARN_RANGE_LOOP_ANALYSIS = YES;
				CLANG_WARN_STRICT_PROTOTYPES = YES;
				CLANG_WARN_SUSPICIOUS_MOVE = YES;
				CLANG_WARN_UNGUARDED_AVAILABILITY = YES_AGGRESSIVE;
				CLANG_WARN_UNREACHABLE_CODE = YES;
				CLANG_WARN__DUPLICATE_METHOD_MATCH = YES;
				COPY_PHASE_STRIP = NO;
				DEBUG_INFORMATION_FORMAT = "dwarf-with-dsym";
				ENABLE_NS_ASSERTIONS = NO;
				ENABLE_STRICT_OBJC_MSGSEND = YES;
				GCC_C_LANGUAGE_STANDARD = gnu11;
				GCC_NO_COMMON_BLOCKS = YES;
				GCC_WARN_64_TO_32_BIT_CONVERSION = YES;
				GCC_WARN_ABOUT_RETURN_TYPE = YES_ERROR;
				GCC_WARN_UNDECLARED_SELECTOR = YES;
				GCC_WARN_UNINITIALIZED_AUTOS = YES_AGGRESSIVE;
				GCC_WARN_UNUSED_FUNCTION = YES;
				GCC_WARN_UNUSED_VARIABLE = YES;
				IPHONEOS_DEPLOYMENT_TARGET = 13.2;
				MTL_ENABLE_DEBUG_INFO = NO;
				MTL_FAST_MATH = YES;
				SDKROOT = iphoneos;
				SWIFT_COMPILATION_MODE = wholemodule;
				SWIFT_OPTIMIZATION_LEVEL = "-O";
				VALIDATE_PRODUCT = YES;
			};
			name = Release;
		};
		8C604543241CE34400884E31 /* Debug */ = {
			isa = XCBuildConfiguration;
			buildSettings = {
				ASSETCATALOG_COMPILER_APPICON_NAME = AppIcon;
				CODE_SIGN_STYLE = Automatic;
				DEVELOPMENT_TEAM = 4VA5NBL27P;
				INFOPLIST_FILE = QuizApp/Info.plist;
				LD_RUNPATH_SEARCH_PATHS = (
					"$(inherited)",
					"@executable_path/Frameworks",
				);
				PRODUCT_BUNDLE_IDENTIFIER = com.gmail.tukareta.nori.QuizApp;
				PRODUCT_NAME = "$(TARGET_NAME)";
				SWIFT_VERSION = 5.0;
				TARGETED_DEVICE_FAMILY = 1;
			};
			name = Debug;
		};
		8C604544241CE34400884E31 /* Release */ = {
			isa = XCBuildConfiguration;
			buildSettings = {
				ASSETCATALOG_COMPILER_APPICON_NAME = AppIcon;
				CODE_SIGN_STYLE = Automatic;
				DEVELOPMENT_TEAM = 4VA5NBL27P;
				INFOPLIST_FILE = QuizApp/Info.plist;
				LD_RUNPATH_SEARCH_PATHS = (
					"$(inherited)",
					"@executable_path/Frameworks",
				);
				PRODUCT_BUNDLE_IDENTIFIER = com.gmail.tukareta.nori.QuizApp;
				PRODUCT_NAME = "$(TARGET_NAME)";
				SWIFT_VERSION = 5.0;
				TARGETED_DEVICE_FAMILY = 1;
			};
			name = Release;
		};
/* End XCBuildConfiguration section */

/* Begin XCConfigurationList section */
		8C604529241CE34300884E31 /* Build configuration list for PBXProject "QuizApp" */ = {
			isa = XCConfigurationList;
			buildConfigurations = (
				8C604540241CE34400884E31 /* Debug */,
				8C604541241CE34400884E31 /* Release */,
			);
			defaultConfigurationIsVisible = 0;
			defaultConfigurationName = Release;
		};
		8C604542241CE34400884E31 /* Build configuration list for PBXNativeTarget "QuizApp" */ = {
			isa = XCConfigurationList;
			buildConfigurations = (
				8C604543241CE34400884E31 /* Debug */,
				8C604544241CE34400884E31 /* Release */,
			);
			defaultConfigurationIsVisible = 0;
			defaultConfigurationName = Release;
		};
/* End XCConfigurationList section */
	};
	rootObject = 8C604526241CE34300884E31 /* Project object */;
}
