// !$*UTF8*$!
{
	archiveVersion = 1;
	classes = {
	};
	objectVersion = 51;
	objects = {

/* Begin PBXBuildFile section */
		8C22327E2423D3D800A18CC7 /* AppDelegate.swift in Sources */ = {isa = PBXBuildFile; fileRef = 8C22327D2423D3D800A18CC7 /* AppDelegate.swift */; };
		8C2232802423D3D800A18CC7 /* SceneDelegate.swift in Sources */ = {isa = PBXBuildFile; fileRef = 8C22327F2423D3D800A18CC7 /* SceneDelegate.swift */; };
		8C2232822423D3D800A18CC7 /* ViewController.swift in Sources */ = {isa = PBXBuildFile; fileRef = 8C2232812423D3D800A18CC7 /* ViewController.swift */; };
		8C2232852423D3D800A18CC7 /* Main.storyboard in Resources */ = {isa = PBXBuildFile; fileRef = 8C2232832423D3D800A18CC7 /* Main.storyboard */; };
		8C2232872423D3DB00A18CC7 /* Assets.xcassets in Resources */ = {isa = PBXBuildFile; fileRef = 8C2232862423D3DB00A18CC7 /* Assets.xcassets */; };
		8C22328A2423D3DB00A18CC7 /* LaunchScreen.storyboard in Resources */ = {isa = PBXBuildFile; fileRef = 8C2232882423D3DB00A18CC7 /* LaunchScreen.storyboard */; };
		8C2232952423EA4F00A18CC7 /* RegisterViewController.swift in Sources */ = {isa = PBXBuildFile; fileRef = 8C2232942423EA4F00A18CC7 /* RegisterViewController.swift */; };
		8C2232972423EF3C00A18CC7 /* ChatViewController.swift in Sources */ = {isa = PBXBuildFile; fileRef = 8C2232962423EF3C00A18CC7 /* ChatViewController.swift */; };
		8C2232992423F00700A18CC7 /* LoginViewController.swift in Sources */ = {isa = PBXBuildFile; fileRef = 8C2232982423F00700A18CC7 /* LoginViewController.swift */; };
		8C22329C2423F41200A18CC7 /* CustomCell.swift in Sources */ = {isa = PBXBuildFile; fileRef = 8C22329A2423F41200A18CC7 /* CustomCell.swift */; };
		8C22329D2423F41200A18CC7 /* CustomCell.xib in Resources */ = {isa = PBXBuildFile; fileRef = 8C22329B2423F41200A18CC7 /* CustomCell.xib */; };
		8C22329F242406EC00A18CC7 /* Message.swift in Sources */ = {isa = PBXBuildFile; fileRef = 8C22329E242406EC00A18CC7 /* Message.swift */; };
		8C2232A12424164F00A18CC7 /* GoogleService-Info.plist in Resources */ = {isa = PBXBuildFile; fileRef = 8C2232A02424164F00A18CC7 /* GoogleService-Info.plist */; };
		8C2232A32424174500A18CC7 /* loading.json in Resources */ = {isa = PBXBuildFile; fileRef = 8C2232A22424174500A18CC7 /* loading.json */; };
		C7B45C8987149670BB536518 /* Pods_chatApp.framework in Frameworks */ = {isa = PBXBuildFile; fileRef = AF60811C18AC7D037255D426 /* Pods_chatApp.framework */; };
/* End PBXBuildFile section */

/* Begin PBXFileReference section */
		4CDD7F9EE2A2EA19D5C90791 /* Pods-chatApp.release.xcconfig */ = {isa = PBXFileReference; includeInIndex = 1; lastKnownFileType = text.xcconfig; name = "Pods-chatApp.release.xcconfig"; path = "Target Support Files/Pods-chatApp/Pods-chatApp.release.xcconfig"; sourceTree = "<group>"; };
		8735EB2DD27DE4BFBCC5BFA0 /* Pods-chatApp.debug.xcconfig */ = {isa = PBXFileReference; includeInIndex = 1; lastKnownFileType = text.xcconfig; name = "Pods-chatApp.debug.xcconfig"; path = "Target Support Files/Pods-chatApp/Pods-chatApp.debug.xcconfig"; sourceTree = "<group>"; };
		8C22327A2423D3D800A18CC7 /* chatApp.app */ = {isa = PBXFileReference; explicitFileType = wrapper.application; includeInIndex = 0; path = chatApp.app; sourceTree = BUILT_PRODUCTS_DIR; };
		8C22327D2423D3D800A18CC7 /* AppDelegate.swift */ = {isa = PBXFileReference; lastKnownFileType = sourcecode.swift; path = AppDelegate.swift; sourceTree = "<group>"; };
		8C22327F2423D3D800A18CC7 /* SceneDelegate.swift */ = {isa = PBXFileReference; lastKnownFileType = sourcecode.swift; path = SceneDelegate.swift; sourceTree = "<group>"; };
		8C2232812423D3D800A18CC7 /* ViewController.swift */ = {isa = PBXFileReference; lastKnownFileType = sourcecode.swift; path = ViewController.swift; sourceTree = "<group>"; };
		8C2232842423D3D800A18CC7 /* Base */ = {isa = PBXFileReference; lastKnownFileType = file.storyboard; name = Base; path = Base.lproj/Main.storyboard; sourceTree = "<group>"; };
		8C2232862423D3DB00A18CC7 /* Assets.xcassets */ = {isa = PBXFileReference; lastKnownFileType = folder.assetcatalog; path = Assets.xcassets; sourceTree = "<group>"; };
		8C2232892423D3DB00A18CC7 /* Base */ = {isa = PBXFileReference; lastKnownFileType = file.storyboard; name = Base; path = Base.lproj/LaunchScreen.storyboard; sourceTree = "<group>"; };
		8C22328B2423D3DB00A18CC7 /* Info.plist */ = {isa = PBXFileReference; lastKnownFileType = text.plist.xml; path = Info.plist; sourceTree = "<group>"; };
		8C2232942423EA4F00A18CC7 /* RegisterViewController.swift */ = {isa = PBXFileReference; lastKnownFileType = sourcecode.swift; path = RegisterViewController.swift; sourceTree = "<group>"; };
		8C2232962423EF3C00A18CC7 /* ChatViewController.swift */ = {isa = PBXFileReference; lastKnownFileType = sourcecode.swift; path = ChatViewController.swift; sourceTree = "<group>"; };
		8C2232982423F00700A18CC7 /* LoginViewController.swift */ = {isa = PBXFileReference; lastKnownFileType = sourcecode.swift; path = LoginViewController.swift; sourceTree = "<group>"; };
		8C22329A2423F41200A18CC7 /* CustomCell.swift */ = {isa = PBXFileReference; lastKnownFileType = sourcecode.swift; path = CustomCell.swift; sourceTree = "<group>"; };
		8C22329B2423F41200A18CC7 /* CustomCell.xib */ = {isa = PBXFileReference; lastKnownFileType = file.xib; path = CustomCell.xib; sourceTree = "<group>"; };
		8C22329E242406EC00A18CC7 /* Message.swift */ = {isa = PBXFileReference; lastKnownFileType = sourcecode.swift; path = Message.swift; sourceTree = "<group>"; };
		8C2232A02424164F00A18CC7 /* GoogleService-Info.plist */ = {isa = PBXFileReference; fileEncoding = 4; lastKnownFileType = text.plist.xml; path = "GoogleService-Info.plist"; sourceTree = "<group>"; };
		8C2232A22424174500A18CC7 /* loading.json */ = {isa = PBXFileReference; fileEncoding = 4; lastKnownFileType = text.json; path = loading.json; sourceTree = "<group>"; };
		AF60811C18AC7D037255D426 /* Pods_chatApp.framework */ = {isa = PBXFileReference; explicitFileType = wrapper.framework; includeInIndex = 0; path = Pods_chatApp.framework; sourceTree = BUILT_PRODUCTS_DIR; };
/* End PBXFileReference section */

/* Begin PBXFrameworksBuildPhase section */
		8C2232772423D3D800A18CC7 /* Frameworks */ = {
			isa = PBXFrameworksBuildPhase;
			buildActionMask = 2147483647;
			files = (
				C7B45C8987149670BB536518 /* Pods_chatApp.framework in Frameworks */,
			);
			runOnlyForDeploymentPostprocessing = 0;
		};
/* End PBXFrameworksBuildPhase section */

/* Begin PBXGroup section */
		0383D12885E300F879FCF692 /* Frameworks */ = {
			isa = PBXGroup;
			children = (
				AF60811C18AC7D037255D426 /* Pods_chatApp.framework */,
			);
			name = Frameworks;
			sourceTree = "<group>";
		};
		3D43EF72286C0D0FFBA315E2 /* Pods */ = {
			isa = PBXGroup;
			children = (
				8735EB2DD27DE4BFBCC5BFA0 /* Pods-chatApp.debug.xcconfig */,
				4CDD7F9EE2A2EA19D5C90791 /* Pods-chatApp.release.xcconfig */,
			);
			path = Pods;
			sourceTree = "<group>";
		};
		8C2232712423D3D800A18CC7 = {
			isa = PBXGroup;
			children = (
				8C22327C2423D3D800A18CC7 /* chatApp */,
				8C22327B2423D3D800A18CC7 /* Products */,
				3D43EF72286C0D0FFBA315E2 /* Pods */,
				0383D12885E300F879FCF692 /* Frameworks */,
			);
			sourceTree = "<group>";
		};
		8C22327B2423D3D800A18CC7 /* Products */ = {
			isa = PBXGroup;
			children = (
				8C22327A2423D3D800A18CC7 /* chatApp.app */,
			);
			name = Products;
			sourceTree = "<group>";
		};
		8C22327C2423D3D800A18CC7 /* chatApp */ = {
			isa = PBXGroup;
			children = (
				8C2232912423E92A00A18CC7 /* Model */,
				8C2232922423E93900A18CC7 /* View */,
				8C2232932423E94200A18CC7 /* Controller */,
				8C22328B2423D3DB00A18CC7 /* Info.plist */,
				8C2232A22424174500A18CC7 /* loading.json */,
				8C2232A02424164F00A18CC7 /* GoogleService-Info.plist */,
				8C2232882423D3DB00A18CC7 /* LaunchScreen.storyboard */,
			);
			path = chatApp;
			sourceTree = "<group>";
		};
		8C2232912423E92A00A18CC7 /* Model */ = {
			isa = PBXGroup;
			children = (
				8C22329E242406EC00A18CC7 /* Message.swift */,
			);
			path = Model;
			sourceTree = "<group>";
		};
		8C2232922423E93900A18CC7 /* View */ = {
			isa = PBXGroup;
			children = (
				8C2232832423D3D800A18CC7 /* Main.storyboard */,
				8C2232862423D3DB00A18CC7 /* Assets.xcassets */,
				8C22329A2423F41200A18CC7 /* CustomCell.swift */,
				8C22329B2423F41200A18CC7 /* CustomCell.xib */,
			);
			path = View;
			sourceTree = "<group>";
		};
		8C2232932423E94200A18CC7 /* Controller */ = {
			isa = PBXGroup;
			children = (
				8C22327D2423D3D800A18CC7 /* AppDelegate.swift */,
				8C22327F2423D3D800A18CC7 /* SceneDelegate.swift */,
				8C2232812423D3D800A18CC7 /* ViewController.swift */,
				8C2232942423EA4F00A18CC7 /* RegisterViewController.swift */,
				8C2232962423EF3C00A18CC7 /* ChatViewController.swift */,
				8C2232982423F00700A18CC7 /* LoginViewController.swift */,
			);
			path = Controller;
			sourceTree = "<group>";
		};
/* End PBXGroup section */

/* Begin PBXNativeTarget section */
		8C2232792423D3D800A18CC7 /* chatApp */ = {
			isa = PBXNativeTarget;
			buildConfigurationList = 8C22328E2423D3DB00A18CC7 /* Build configuration list for PBXNativeTarget "chatApp" */;
			buildPhases = (
				EAC6CA6671AC68FBA418122A /* [CP] Check Pods Manifest.lock */,
				8C2232762423D3D800A18CC7 /* Sources */,
				8C2232772423D3D800A18CC7 /* Frameworks */,
				8C2232782423D3D800A18CC7 /* Resources */,
				C929BDAC451FCD91732EB3C9 /* [CP] Embed Pods Frameworks */,
			);
			buildRules = (
			);
			dependencies = (
			);
			name = chatApp;
			productName = chatApp;
			productReference = 8C22327A2423D3D800A18CC7 /* chatApp.app */;
			productType = "com.apple.product-type.application";
		};
/* End PBXNativeTarget section */

/* Begin PBXProject section */
		8C2232722423D3D800A18CC7 /* Project object */ = {
			isa = PBXProject;
			attributes = {
				LastSwiftUpdateCheck = 1130;
				LastUpgradeCheck = 1130;
				ORGANIZATIONNAME = "尾原徳泰";
				TargetAttributes = {
					8C2232792423D3D800A18CC7 = {
						CreatedOnToolsVersion = 11.3;
					};
				};
			};
			buildConfigurationList = 8C2232752423D3D800A18CC7 /* Build configuration list for PBXProject "chatApp" */;
			compatibilityVersion = "Xcode 9.3";
			developmentRegion = en;
			hasScannedForEncodings = 0;
			knownRegions = (
				en,
				Base,
			);
			mainGroup = 8C2232712423D3D800A18CC7;
			productRefGroup = 8C22327B2423D3D800A18CC7 /* Products */;
			projectDirPath = "";
			projectRoot = "";
			targets = (
				8C2232792423D3D800A18CC7 /* chatApp */,
			);
		};
/* End PBXProject section */

/* Begin PBXResourcesBuildPhase section */
		8C2232782423D3D800A18CC7 /* Resources */ = {
			isa = PBXResourcesBuildPhase;
			buildActionMask = 2147483647;
			files = (
				8C22328A2423D3DB00A18CC7 /* LaunchScreen.storyboard in Resources */,
				8C2232872423D3DB00A18CC7 /* Assets.xcassets in Resources */,
				8C2232A32424174500A18CC7 /* loading.json in Resources */,
				8C2232A12424164F00A18CC7 /* GoogleService-Info.plist in Resources */,
				8C22329D2423F41200A18CC7 /* CustomCell.xib in Resources */,
				8C2232852423D3D800A18CC7 /* Main.storyboard in Resources */,
			);
			runOnlyForDeploymentPostprocessing = 0;
		};
/* End PBXResourcesBuildPhase section */

/* Begin PBXShellScriptBuildPhase section */
		C929BDAC451FCD91732EB3C9 /* [CP] Embed Pods Frameworks */ = {
			isa = PBXShellScriptBuildPhase;
			buildActionMask = 2147483647;
			files = (
			);
			inputFileListPaths = (
				"${PODS_ROOT}/Target Support Files/Pods-chatApp/Pods-chatApp-frameworks-${CONFIGURATION}-input-files.xcfilelist",
			);
			name = "[CP] Embed Pods Frameworks";
			outputFileListPaths = (
				"${PODS_ROOT}/Target Support Files/Pods-chatApp/Pods-chatApp-frameworks-${CONFIGURATION}-output-files.xcfilelist",
			);
			runOnlyForDeploymentPostprocessing = 0;
			shellPath = /bin/sh;
			shellScript = "\"${PODS_ROOT}/Target Support Files/Pods-chatApp/Pods-chatApp-frameworks.sh\"\n";
			showEnvVarsInLog = 0;
		};
		EAC6CA6671AC68FBA418122A /* [CP] Check Pods Manifest.lock */ = {
			isa = PBXShellScriptBuildPhase;
			buildActionMask = 2147483647;
			files = (
			);
			inputFileListPaths = (
			);
			inputPaths = (
				"${PODS_PODFILE_DIR_PATH}/Podfile.lock",
				"${PODS_ROOT}/Manifest.lock",
			);
			name = "[CP] Check Pods Manifest.lock";
			outputFileListPaths = (
			);
			outputPaths = (
				"$(DERIVED_FILE_DIR)/Pods-chatApp-checkManifestLockResult.txt",
			);
			runOnlyForDeploymentPostprocessing = 0;
			shellPath = /bin/sh;
			shellScript = "diff \"${PODS_PODFILE_DIR_PATH}/Podfile.lock\" \"${PODS_ROOT}/Manifest.lock\" > /dev/null\nif [ $? != 0 ] ; then\n    # print error to STDERR\n    echo \"error: The sandbox is not in sync with the Podfile.lock. Run 'pod install' or update your CocoaPods installation.\" >&2\n    exit 1\nfi\n# This output is used by Xcode 'outputs' to avoid re-running this script phase.\necho \"SUCCESS\" > \"${SCRIPT_OUTPUT_FILE_0}\"\n";
			showEnvVarsInLog = 0;
		};
/* End PBXShellScriptBuildPhase section */

/* Begin PBXSourcesBuildPhase section */
		8C2232762423D3D800A18CC7 /* Sources */ = {
			isa = PBXSourcesBuildPhase;
			buildActionMask = 2147483647;
			files = (
				8C2232992423F00700A18CC7 /* LoginViewController.swift in Sources */,
				8C2232822423D3D800A18CC7 /* ViewController.swift in Sources */,
				8C22327E2423D3D800A18CC7 /* AppDelegate.swift in Sources */,
				8C2232802423D3D800A18CC7 /* SceneDelegate.swift in Sources */,
				8C2232972423EF3C00A18CC7 /* ChatViewController.swift in Sources */,
				8C22329F242406EC00A18CC7 /* Message.swift in Sources */,
				8C22329C2423F41200A18CC7 /* CustomCell.swift in Sources */,
				8C2232952423EA4F00A18CC7 /* RegisterViewController.swift in Sources */,
			);
			runOnlyForDeploymentPostprocessing = 0;
		};
/* End PBXSourcesBuildPhase section */

/* Begin PBXVariantGroup section */
		8C2232832423D3D800A18CC7 /* Main.storyboard */ = {
			isa = PBXVariantGroup;
			children = (
				8C2232842423D3D800A18CC7 /* Base */,
			);
			name = Main.storyboard;
			sourceTree = "<group>";
		};
		8C2232882423D3DB00A18CC7 /* LaunchScreen.storyboard */ = {
			isa = PBXVariantGroup;
			children = (
				8C2232892423D3DB00A18CC7 /* Base */,
			);
			name = LaunchScreen.storyboard;
			sourceTree = "<group>";
		};
/* End PBXVariantGroup section */

/* Begin XCBuildConfiguration section */
		8C22328C2423D3DB00A18CC7 /* Debug */ = {
			isa = XCBuildConfiguration;
			buildSettings = {
				ALWAYS_SEARCH_USER_PATHS = NO;
				CLANG_ANALYZER_NONNULL = YES;
				CLANG_ANALYZER_NUMBER_OBJECT_CONVERSION = YES_AGGRESSIVE;
				CLANG_CXX_LANGUAGE_STANDARD = "gnu++14";
				CLANG_CXX_LIBRARY = "libc++";
				CLANG_ENABLE_MODULES = YES;
				CLANG_ENABLE_OBJC_ARC = YES;
				CLANG_ENABLE_OBJC_WEAK = YES;
				CLANG_WARN_BLOCK_CAPTURE_AUTORELEASING = YES;
				CLANG_WARN_BOOL_CONVERSION = YES;
				CLANG_WARN_COMMA = YES;
				CLANG_WARN_CONSTANT_CONVERSION = YES;
				CLANG_WARN_DEPRECATED_OBJC_IMPLEMENTATIONS = YES;
				CLANG_WARN_DIRECT_OBJC_ISA_USAGE = YES_ERROR;
				CLANG_WARN_DOCUMENTATION_COMMENTS = YES;
				CLANG_WARN_EMPTY_BODY = YES;
				CLANG_WARN_ENUM_CONVERSION = YES;
				CLANG_WARN_INFINITE_RECURSION = YES;
				CLANG_WARN_INT_CONVERSION = YES;
				CLANG_WARN_NON_LITERAL_NULL_CONVERSION = YES;
				CLANG_WARN_OBJC_IMPLICIT_RETAIN_SELF = YES;
				CLANG_WARN_OBJC_LITERAL_CONVERSION = YES;
				CLANG_WARN_OBJC_ROOT_CLASS = YES_ERROR;
				CLANG_WARN_RANGE_LOOP_ANALYSIS = YES;
				CLANG_WARN_STRICT_PROTOTYPES = YES;
				CLANG_WARN_SUSPICIOUS_MOVE = YES;
				CLANG_WARN_UNGUARDED_AVAILABILITY = YES_AGGRESSIVE;
				CLANG_WARN_UNREACHABLE_CODE = YES;
				CLANG_WARN__DUPLICATE_METHOD_MATCH = YES;
				COPY_PHASE_STRIP = NO;
				DEBUG_INFORMATION_FORMAT = dwarf;
				ENABLE_STRICT_OBJC_MSGSEND = YES;
				ENABLE_TESTABILITY = YES;
				GCC_C_LANGUAGE_STANDARD = gnu11;
				GCC_DYNAMIC_NO_PIC = NO;
				GCC_NO_COMMON_BLOCKS = YES;
				GCC_OPTIMIZATION_LEVEL = 0;
				GCC_PREPROCESSOR_DEFINITIONS = (
					"DEBUG=1",
					"$(inherited)",
				);
				GCC_WARN_64_TO_32_BIT_CONVERSION = YES;
				GCC_WARN_ABOUT_RETURN_TYPE = YES_ERROR;
				GCC_WARN_UNDECLARED_SELECTOR = YES;
				GCC_WARN_UNINITIALIZED_AUTOS = YES_AGGRESSIVE;
				GCC_WARN_UNUSED_FUNCTION = YES;
				GCC_WARN_UNUSED_VARIABLE = YES;
				IPHONEOS_DEPLOYMENT_TARGET = 13.2;
				MTL_ENABLE_DEBUG_INFO = INCLUDE_SOURCE;
				MTL_FAST_MATH = YES;
				ONLY_ACTIVE_ARCH = YES;
				SDKROOT = iphoneos;
				SWIFT_ACTIVE_COMPILATION_CONDITIONS = DEBUG;
				SWIFT_OPTIMIZATION_LEVEL = "-Onone";
			};
			name = Debug;
		};
		8C22328D2423D3DB00A18CC7 /* Release */ = {
			isa = XCBuildConfiguration;
			buildSettings = {
				ALWAYS_SEARCH_USER_PATHS = NO;
				CLANG_ANALYZER_NONNULL = YES;
				CLANG_ANALYZER_NUMBER_OBJECT_CONVERSION = YES_AGGRESSIVE;
				CLANG_CXX_LANGUAGE_STANDARD = "gnu++14";
				CLANG_CXX_LIBRARY = "libc++";
				CLANG_ENABLE_MODULES = YES;
				CLANG_ENABLE_OBJC_ARC = YES;
				CLANG_ENABLE_OBJC_WEAK = YES;
				CLANG_WARN_BLOCK_CAPTURE_AUTORELEASING = YES;
				CLANG_WARN_BOOL_CONVERSION = YES;
				CLANG_WARN_COMMA = YES;
				CLANG_WARN_CONSTANT_CONVERSION = YES;
				CLANG_WARN_DEPRECATED_OBJC_IMPLEMENTATIONS = YES;
				CLANG_WARN_DIRECT_OBJC_ISA_USAGE = YES_ERROR;
				CLANG_WARN_DOCUMENTATION_COMMENTS = YES;
				CLANG_WARN_EMPTY_BODY = YES;
				CLANG_WARN_ENUM_CONVERSION = YES;
				CLANG_WARN_INFINITE_RECURSION = YES;
				CLANG_WARN_INT_CONVERSION = YES;
				CLANG_WARN_NON_LITERAL_NULL_CONVERSION = YES;
				CLANG_WARN_OBJC_IMPLICIT_RETAIN_SELF = YES;
				CLANG_WARN_OBJC_LITERAL_CONVERSION = YES;
				CLANG_WARN_OBJC_ROOT_CLASS = YES_ERROR;
				CLANG_WARN_RANGE_LOOP_ANALYSIS = YES;
				CLANG_WARN_STRICT_PROTOTYPES = YES;
				CLANG_WARN_SUSPICIOUS_MOVE = YES;
				CLANG_WARN_UNGUARDED_AVAILABILITY = YES_AGGRESSIVE;
				CLANG_WARN_UNREACHABLE_CODE = YES;
				CLANG_WARN__DUPLICATE_METHOD_MATCH = YES;
				COPY_PHASE_STRIP = NO;
				DEBUG_INFORMATION_FORMAT = "dwarf-with-dsym";
				ENABLE_NS_ASSERTIONS = NO;
				ENABLE_STRICT_OBJC_MSGSEND = YES;
				GCC_C_LANGUAGE_STANDARD = gnu11;
				GCC_NO_COMMON_BLOCKS = YES;
				GCC_WARN_64_TO_32_BIT_CONVERSION = YES;
				GCC_WARN_ABOUT_RETURN_TYPE = YES_ERROR;
				GCC_WARN_UNDECLARED_SELECTOR = YES;
				GCC_WARN_UNINITIALIZED_AUTOS = YES_AGGRESSIVE;
				GCC_WARN_UNUSED_FUNCTION = YES;
				GCC_WARN_UNUSED_VARIABLE = YES;
				IPHONEOS_DEPLOYMENT_TARGET = 13.2;
				MTL_ENABLE_DEBUG_INFO = NO;
				MTL_FAST_MATH = YES;
				SDKROOT = iphoneos;
				SWIFT_COMPILATION_MODE = wholemodule;
				SWIFT_OPTIMIZATION_LEVEL = "-O";
				VALIDATE_PRODUCT = YES;
			};
			name = Release;
		};
		8C22328F2423D3DB00A18CC7 /* Debug */ = {
			isa = XCBuildConfiguration;
			baseConfigurationReference = 8735EB2DD27DE4BFBCC5BFA0 /* Pods-chatApp.debug.xcconfig */;
			buildSettings = {
				ASSETCATALOG_COMPILER_APPICON_NAME = AppIcon;
				CODE_SIGN_STYLE = Automatic;
				DEVELOPMENT_TEAM = 4VA5NBL27P;
				INFOPLIST_FILE = chatApp/Info.plist;
				LD_RUNPATH_SEARCH_PATHS = (
					"$(inherited)",
					"@executable_path/Frameworks",
				);
				PRODUCT_BUNDLE_IDENTIFIER = com.gmail.tukareta.nori.chatApp;
				PRODUCT_NAME = "$(TARGET_NAME)";
				SWIFT_VERSION = 5.0;
				TARGETED_DEVICE_FAMILY = 1;
			};
			name = Debug;
		};
		8C2232902423D3DB00A18CC7 /* Release */ = {
			isa = XCBuildConfiguration;
			baseConfigurationReference = 4CDD7F9EE2A2EA19D5C90791 /* Pods-chatApp.release.xcconfig */;
			buildSettings = {
				ASSETCATALOG_COMPILER_APPICON_NAME = AppIcon;
				CODE_SIGN_STYLE = Automatic;
				DEVELOPMENT_TEAM = 4VA5NBL27P;
				INFOPLIST_FILE = chatApp/Info.plist;
				LD_RUNPATH_SEARCH_PATHS = (
					"$(inherited)",
					"@executable_path/Frameworks",
				);
				PRODUCT_BUNDLE_IDENTIFIER = com.gmail.tukareta.nori.chatApp;
				PRODUCT_NAME = "$(TARGET_NAME)";
				SWIFT_VERSION = 5.0;
				TARGETED_DEVICE_FAMILY = 1;
			};
			name = Release;
		};
/* End XCBuildConfiguration section */

/* Begin XCConfigurationList section */
		8C2232752423D3D800A18CC7 /* Build configuration list for PBXProject "chatApp" */ = {
			isa = XCConfigurationList;
			buildConfigurations = (
				8C22328C2423D3DB00A18CC7 /* Debug */,
				8C22328D2423D3DB00A18CC7 /* Release */,
			);
			defaultConfigurationIsVisible = 0;
			defaultConfigurationName = Release;
		};
		8C22328E2423D3DB00A18CC7 /* Build configuration list for PBXNativeTarget "chatApp" */ = {
			isa = XCConfigurationList;
			buildConfigurations = (
				8C22328F2423D3DB00A18CC7 /* Debug */,
				8C2232902423D3DB00A18CC7 /* Release */,
			);
			defaultConfigurationIsVisible = 0;
			defaultConfigurationName = Release;
		};
/* End XCConfigurationList section */
	};
	rootObject = 8C2232722423D3D800A18CC7 /* Project object */;
}
