// !$*UTF8*$!
{
	archiveVersion = 1;
	classes = {
	};
	objectVersion = 50;
	objects = {

/* Begin PBXBuildFile section */
		8C604447241A7D3A00884E31 /* AppDelegate.swift in Sources */ = {isa = PBXBuildFile; fileRef = 8C604446241A7D3A00884E31 /* AppDelegate.swift */; };
		8C604449241A7D3A00884E31 /* SceneDelegate.swift in Sources */ = {isa = PBXBuildFile; fileRef = 8C604448241A7D3A00884E31 /* SceneDelegate.swift */; };
		8C60444B241A7D3A00884E31 /* ViewController.swift in Sources */ = {isa = PBXBuildFile; fileRef = 8C60444A241A7D3A00884E31 /* ViewController.swift */; };
		8C60444E241A7D3A00884E31 /* Main.storyboard in Resources */ = {isa = PBXBuildFile; fileRef = 8C60444C241A7D3A00884E31 /* Main.storyboard */; };
		8C604450241A7D3B00884E31 /* Assets.xcassets in Resources */ = {isa = PBXBuildFile; fileRef = 8C60444F241A7D3B00884E31 /* Assets.xcassets */; };
		8C604453241A7D3B00884E31 /* LaunchScreen.storyboard in Resources */ = {isa = PBXBuildFile; fileRef = 8C604451241A7D3B00884E31 /* LaunchScreen.storyboard */; };
		8C60445C241A7D7F00884E31 /* Car.swift in Sources */ = {isa = PBXBuildFile; fileRef = 8C60445B241A7D7F00884E31 /* Car.swift */; };
/* End PBXBuildFile section */

/* Begin PBXFileReference section */
		8C604443241A7D3A00884E31 /* calcApp.app */ = {isa = PBXFileReference; explicitFileType = wrapper.application; includeInIndex = 0; path = calcApp.app; sourceTree = BUILT_PRODUCTS_DIR; };
		8C604446241A7D3A00884E31 /* AppDelegate.swift */ = {isa = PBXFileReference; lastKnownFileType = sourcecode.swift; path = AppDelegate.swift; sourceTree = "<group>"; };
		8C604448241A7D3A00884E31 /* SceneDelegate.swift */ = {isa = PBXFileReference; lastKnownFileType = sourcecode.swift; path = SceneDelegate.swift; sourceTree = "<group>"; };
		8C60444A241A7D3A00884E31 /* ViewController.swift */ = {isa = PBXFileReference; lastKnownFileType = sourcecode.swift; path = ViewController.swift; sourceTree = "<group>"; };
		8C60444D241A7D3A00884E31 /* Base */ = {isa = PBXFileReference; lastKnownFileType = file.storyboard; name = Base; path = Base.lproj/Main.storyboard; sourceTree = "<group>"; };
		8C60444F241A7D3B00884E31 /* Assets.xcassets */ = {isa = PBXFileReference; lastKnownFileType = folder.assetcatalog; path = Assets.xcassets; sourceTree = "<group>"; };
		8C604452241A7D3B00884E31 /* Base */ = {isa = PBXFileReference; lastKnownFileType = file.storyboard; name = Base; path = Base.lproj/LaunchScreen.storyboard; sourceTree = "<group>"; };
		8C604454241A7D3B00884E31 /* Info.plist */ = {isa = PBXFileReference; lastKnownFileType = text.plist.xml; path = Info.plist; sourceTree = "<group>"; };
		8C60445B241A7D7F00884E31 /* Car.swift */ = {isa = PBXFileReference; lastKnownFileType = sourcecode.swift; path = Car.swift; sourceTree = "<group>"; };
/* End PBXFileReference section */

/* Begin PBXFrameworksBuildPhase section */
		8C604440241A7D3A00884E31 /* Frameworks */ = {
			isa = PBXFrameworksBuildPhase;
			buildActionMask = 2147483647;
			files = (
			);
			runOnlyForDeploymentPostprocessing = 0;
		};
/* End PBXFrameworksBuildPhase section */

/* Begin PBXGroup section */
		8C60443A241A7D3A00884E31 = {
			isa = PBXGroup;
			children = (
				8C604445241A7D3A00884E31 /* calcApp */,
				8C604444241A7D3A00884E31 /* Products */,
			);
			sourceTree = "<group>";
		};
		8C604444241A7D3A00884E31 /* Products */ = {
			isa = PBXGroup;
			children = (
				8C604443241A7D3A00884E31 /* calcApp.app */,
			);
			name = Products;
			sourceTree = "<group>";
		};
		8C604445241A7D3A00884E31 /* calcApp */ = {
			isa = PBXGroup;
			children = (
				8C60445A241A7D5B00884E31 /* Model */,
				8C604446241A7D3A00884E31 /* AppDelegate.swift */,
				8C604448241A7D3A00884E31 /* SceneDelegate.swift */,
				8C60444A241A7D3A00884E31 /* ViewController.swift */,
				8C60444C241A7D3A00884E31 /* Main.storyboard */,
				8C60444F241A7D3B00884E31 /* Assets.xcassets */,
				8C604451241A7D3B00884E31 /* LaunchScreen.storyboard */,
				8C604454241A7D3B00884E31 /* Info.plist */,
			);
			path = calcApp;
			sourceTree = "<group>";
		};
		8C60445A241A7D5B00884E31 /* Model */ = {
			isa = PBXGroup;
			children = (
				8C60445B241A7D7F00884E31 /* Car.swift */,
			);
			path = Model;
			sourceTree = "<group>";
		};
/* End PBXGroup section */

/* Begin PBXNativeTarget section */
		8C604442241A7D3A00884E31 /* calcApp */ = {
			isa = PBXNativeTarget;
			buildConfigurationList = 8C604457241A7D3B00884E31 /* Build configuration list for PBXNativeTarget "calcApp" */;
			buildPhases = (
				8C60443F241A7D3A00884E31 /* Sources */,
				8C604440241A7D3A00884E31 /* Frameworks */,
				8C604441241A7D3A00884E31 /* Resources */,
			);
			buildRules = (
			);
			dependencies = (
			);
			name = calcApp;
			productName = calcApp;
			productReference = 8C604443241A7D3A00884E31 /* calcApp.app */;
			productType = "com.apple.product-type.application";
		};
/* End PBXNativeTarget section */

/* Begin PBXProject section */
		8C60443B241A7D3A00884E31 /* Project object */ = {
			isa = PBXProject;
			attributes = {
				LastSwiftUpdateCheck = 1130;
				LastUpgradeCheck = 1130;
				ORGANIZATIONNAME = "尾原徳泰";
				TargetAttributes = {
					8C604442241A7D3A00884E31 = {
						CreatedOnToolsVersion = 11.3;
					};
				};
			};
			buildConfigurationList = 8C60443E241A7D3A00884E31 /* Build configuration list for PBXProject "calcApp" */;
			compatibilityVersion = "Xcode 9.3";
			developmentRegion = en;
			hasScannedForEncodings = 0;
			knownRegions = (
				en,
				Base,
			);
			mainGroup = 8C60443A241A7D3A00884E31;
			productRefGroup = 8C604444241A7D3A00884E31 /* Products */;
			projectDirPath = "";
			projectRoot = "";
			targets = (
				8C604442241A7D3A00884E31 /* calcApp */,
			);
		};
/* End PBXProject section */

/* Begin PBXResourcesBuildPhase section */
		8C604441241A7D3A00884E31 /* Resources */ = {
			isa = PBXResourcesBuildPhase;
			buildActionMask = 2147483647;
			files = (
				8C604453241A7D3B00884E31 /* LaunchScreen.storyboard in Resources */,
				8C604450241A7D3B00884E31 /* Assets.xcassets in Resources */,
				8C60444E241A7D3A00884E31 /* Main.storyboard in Resources */,
			);
			runOnlyForDeploymentPostprocessing = 0;
		};
/* End PBXResourcesBuildPhase section */

/* Begin PBXSourcesBuildPhase section */
		8C60443F241A7D3A00884E31 /* Sources */ = {
			isa = PBXSourcesBuildPhase;
			buildActionMask = 2147483647;
			files = (
				8C60444B241A7D3A00884E31 /* ViewController.swift in Sources */,
				8C604447241A7D3A00884E31 /* AppDelegate.swift in Sources */,
				8C60445C241A7D7F00884E31 /* Car.swift in Sources */,
				8C604449241A7D3A00884E31 /* SceneDelegate.swift in Sources */,
			);
			runOnlyForDeploymentPostprocessing = 0;
		};
/* End PBXSourcesBuildPhase section */

/* Begin PBXVariantGroup section */
		8C60444C241A7D3A00884E31 /* Main.storyboard */ = {
			isa = PBXVariantGroup;
			children = (
				8C60444D241A7D3A00884E31 /* Base */,
			);
			name = Main.storyboard;
			sourceTree = "<group>";
		};
		8C604451241A7D3B00884E31 /* LaunchScreen.storyboard */ = {
			isa = PBXVariantGroup;
			children = (
				8C604452241A7D3B00884E31 /* Base */,
			);
			name = LaunchScreen.storyboard;
			sourceTree = "<group>";
		};
/* End PBXVariantGroup section */

/* Begin XCBuildConfiguration section */
		8C604455241A7D3B00884E31 /* Debug */ = {
			isa = XCBuildConfiguration;
			buildSettings = {
				ALWAYS_SEARCH_USER_PATHS = NO;
				CLANG_ANALYZER_NONNULL = YES;
				CLANG_ANALYZER_NUMBER_OBJECT_CONVERSION = YES_AGGRESSIVE;
				CLANG_CXX_LANGUAGE_STANDARD = "gnu++14";
				CLANG_CXX_LIBRARY = "libc++";
				CLANG_ENABLE_MODULES = YES;
				CLANG_ENABLE_OBJC_ARC = YES;
				CLANG_ENABLE_OBJC_WEAK = YES;
				CLANG_WARN_BLOCK_CAPTURE_AUTORELEASING = YES;
				CLANG_WARN_BOOL_CONVERSION = YES;
				CLANG_WARN_COMMA = YES;
				CLANG_WARN_CONSTANT_CONVERSION = YES;
				CLANG_WARN_DEPRECATED_OBJC_IMPLEMENTATIONS = YES;
				CLANG_WARN_DIRECT_OBJC_ISA_USAGE = YES_ERROR;
				CLANG_WARN_DOCUMENTATION_COMMENTS = YES;
				CLANG_WARN_EMPTY_BODY = YES;
				CLANG_WARN_ENUM_CONVERSION = YES;
				CLANG_WARN_INFINITE_RECURSION = YES;
				CLANG_WARN_INT_CONVERSION = YES;
				CLANG_WARN_NON_LITERAL_NULL_CONVERSION = YES;
				CLANG_WARN_OBJC_IMPLICIT_RETAIN_SELF = YES;
				CLANG_WARN_OBJC_LITERAL_CONVERSION = YES;
				CLANG_WARN_OBJC_ROOT_CLASS = YES_ERROR;
				CLANG_WARN_RANGE_LOOP_ANALYSIS = YES;
				CLANG_WARN_STRICT_PROTOTYPES = YES;
				CLANG_WARN_SUSPICIOUS_MOVE = YES;
				CLANG_WARN_UNGUARDED_AVAILABILITY = YES_AGGRESSIVE;
				CLANG_WARN_UNREACHABLE_CODE = YES;
				CLANG_WARN__DUPLICATE_METHOD_MATCH = YES;
				COPY_PHASE_STRIP = NO;
				DEBUG_INFORMATION_FORMAT = dwarf;
				ENABLE_STRICT_OBJC_MSGSEND = YES;
				ENABLE_TESTABILITY = YES;
				GCC_C_LANGUAGE_STANDARD = gnu11;
				GCC_DYNAMIC_NO_PIC = NO;
				GCC_NO_COMMON_BLOCKS = YES;
				GCC_OPTIMIZATION_LEVEL = 0;
				GCC_PREPROCESSOR_DEFINITIONS = (
					"DEBUG=1",
					"$(inherited)",
				);
				GCC_WARN_64_TO_32_BIT_CONVERSION = YES;
				GCC_WARN_ABOUT_RETURN_TYPE = YES_ERROR;
				GCC_WARN_UNDECLARED_SELECTOR = YES;
				GCC_WARN_UNINITIALIZED_AUTOS = YES_AGGRESSIVE;
				GCC_WARN_UNUSED_FUNCTION = YES;
				GCC_WARN_UNUSED_VARIABLE = YES;
				IPHONEOS_DEPLOYMENT_TARGET = 13.2;
				MTL_ENABLE_DEBUG_INFO = INCLUDE_SOURCE;
				MTL_FAST_MATH = YES;
				ONLY_ACTIVE_ARCH = YES;
				SDKROOT = iphoneos;
				SWIFT_ACTIVE_COMPILATION_CONDITIONS = DEBUG;
				SWIFT_OPTIMIZATION_LEVEL = "-Onone";
			};
			name = Debug;
		};
		8C604456241A7D3B00884E31 /* Release */ = {
			isa = XCBuildConfiguration;
			buildSettings = {
				ALWAYS_SEARCH_USER_PATHS = NO;
				CLANG_ANALYZER_NONNULL = YES;
				CLANG_ANALYZER_NUMBER_OBJECT_CONVERSION = YES_AGGRESSIVE;
				CLANG_CXX_LANGUAGE_STANDARD = "gnu++14";
				CLANG_CXX_LIBRARY = "libc++";
				CLANG_ENABLE_MODULES = YES;
				CLANG_ENABLE_OBJC_ARC = YES;
				CLANG_ENABLE_OBJC_WEAK = YES;
				CLANG_WARN_BLOCK_CAPTURE_AUTORELEASING = YES;
				CLANG_WARN_BOOL_CONVERSION = YES;
				CLANG_WARN_COMMA = YES;
				CLANG_WARN_CONSTANT_CONVERSION = YES;
				CLANG_WARN_DEPRECATED_OBJC_IMPLEMENTATIONS = YES;
				CLANG_WARN_DIRECT_OBJC_ISA_USAGE = YES_ERROR;
				CLANG_WARN_DOCUMENTATION_COMMENTS = YES;
				CLANG_WARN_EMPTY_BODY = YES;
				CLANG_WARN_ENUM_CONVERSION = YES;
				CLANG_WARN_INFINITE_RECURSION = YES;
				CLANG_WARN_INT_CONVERSION = YES;
				CLANG_WARN_NON_LITERAL_NULL_CONVERSION = YES;
				CLANG_WARN_OBJC_IMPLICIT_RETAIN_SELF = YES;
				CLANG_WARN_OBJC_LITERAL_CONVERSION = YES;
				CLANG_WARN_OBJC_ROOT_CLASS = YES_ERROR;
				CLANG_WARN_RANGE_LOOP_ANALYSIS = YES;
				CLANG_WARN_STRICT_PROTOTYPES = YES;
				CLANG_WARN_SUSPICIOUS_MOVE = YES;
				CLANG_WARN_UNGUARDED_AVAILABILITY = YES_AGGRESSIVE;
				CLANG_WARN_UNREACHABLE_CODE = YES;
				CLANG_WARN__DUPLICATE_METHOD_MATCH = YES;
				COPY_PHASE_STRIP = NO;
				DEBUG_INFORMATION_FORMAT = "dwarf-with-dsym";
				ENABLE_NS_ASSERTIONS = NO;
				ENABLE_STRICT_OBJC_MSGSEND = YES;
				GCC_C_LANGUAGE_STANDARD = gnu11;
				GCC_NO_COMMON_BLOCKS = YES;
				GCC_WARN_64_TO_32_BIT_CONVERSION = YES;
				GCC_WARN_ABOUT_RETURN_TYPE = YES_ERROR;
				GCC_WARN_UNDECLARED_SELECTOR = YES;
				GCC_WARN_UNINITIALIZED_AUTOS = YES_AGGRESSIVE;
				GCC_WARN_UNUSED_FUNCTION = YES;
				GCC_WARN_UNUSED_VARIABLE = YES;
				IPHONEOS_DEPLOYMENT_TARGET = 13.2;
				MTL_ENABLE_DEBUG_INFO = NO;
				MTL_FAST_MATH = YES;
				SDKROOT = iphoneos;
				SWIFT_COMPILATION_MODE = wholemodule;
				SWIFT_OPTIMIZATION_LEVEL = "-O";
				VALIDATE_PRODUCT = YES;
			};
			name = Release;
		};
		8C604458241A7D3B00884E31 /* Debug */ = {
			isa = XCBuildConfiguration;
			buildSettings = {
				ASSETCATALOG_COMPILER_APPICON_NAME = AppIcon;
				CODE_SIGN_STYLE = Automatic;
				DEVELOPMENT_TEAM = 4VA5NBL27P;
				INFOPLIST_FILE = calcApp/Info.plist;
				LD_RUNPATH_SEARCH_PATHS = (
					"$(inherited)",
					"@executable_path/Frameworks",
				);
				PRODUCT_BUNDLE_IDENTIFIER = com.gmail.tukareta.nori.calcApp;
				PRODUCT_NAME = "$(TARGET_NAME)";
				SWIFT_VERSION = 5.0;
				TARGETED_DEVICE_FAMILY = "1,2";
			};
			name = Debug;
		};
		8C604459241A7D3B00884E31 /* Release */ = {
			isa = XCBuildConfiguration;
			buildSettings = {
				ASSETCATALOG_COMPILER_APPICON_NAME = AppIcon;
				CODE_SIGN_STYLE = Automatic;
				DEVELOPMENT_TEAM = 4VA5NBL27P;
				INFOPLIST_FILE = calcApp/Info.plist;
				LD_RUNPATH_SEARCH_PATHS = (
					"$(inherited)",
					"@executable_path/Frameworks",
				);
				PRODUCT_BUNDLE_IDENTIFIER = com.gmail.tukareta.nori.calcApp;
				PRODUCT_NAME = "$(TARGET_NAME)";
				SWIFT_VERSION = 5.0;
				TARGETED_DEVICE_FAMILY = "1,2";
			};
			name = Release;
		};
/* End XCBuildConfiguration section */

/* Begin XCConfigurationList section */
		8C60443E241A7D3A00884E31 /* Build configuration list for PBXProject "calcApp" */ = {
			isa = XCConfigurationList;
			buildConfigurations = (
				8C604455241A7D3B00884E31 /* Debug */,
				8C604456241A7D3B00884E31 /* Release */,
			);
			defaultConfigurationIsVisible = 0;
			defaultConfigurationName = Release;
		};
		8C604457241A7D3B00884E31 /* Build configuration list for PBXNativeTarget "calcApp" */ = {
			isa = XCConfigurationList;
			buildConfigurations = (
				8C604458241A7D3B00884E31 /* Debug */,
				8C604459241A7D3B00884E31 /* Release */,
			);
			defaultConfigurationIsVisible = 0;
			defaultConfigurationName = Release;
		};
/* End XCConfigurationList section */
	};
	rootObject = 8C60443B241A7D3A00884E31 /* Project object */;
}
